
Microsoft Visual Studio Solution File, Format Version 12.00
# Visual Studio Version 17
VisualStudioVersion = 17.0.31903.59
MinimumVisualStudioVersion = 10.0.40219.1
Project("{FAE04EC0-301F-11D3-BF4B-00C04F79EFBC}") = "application", "application\application.csproj", "{1B7FF744-ACB3-4794-A8CD-6DB44A22B041}"
EndProject
Project("{FAE04EC0-301F-11D3-BF4B-00C04F79EFBC}") = "library", "library\library.csproj", "{B866C147-27C3-497D-A2BC-22071B29AD2D}"
EndProject
Project("{2150E333-8FDC-42A3-9474-1A3956D46DE8}") = "tools", "tools", "{ADF8F7B1-73B2-4EB0-A666-F5E568F2F7CC}"
EndProject
Project("{2150E333-8FDC-42A3-9474-1A3956D46DE8}") = "sourcegenerators", "sourcegenerators", "{06596F49-ED7C-4CAA-AC19-72D0358322ED}"
EndProject
Project("{FAE04EC0-301F-11D3-BF4B-00C04F79EFBC}") = "CsvTable", "tools\sourcegenerators\CsvTable\CsvTable.csproj", "{534BAA53-9B1F-4074-92F4-7C20B0F6FF1C}"
EndProject
Global
	GlobalSection(SolutionConfigurationPlatforms) = preSolution
		Debug|Any CPU = Debug|Any CPU
		Release|Any CPU = Release|Any CPU
	EndGlobalSection
	GlobalSection(SolutionProperties) = preSolution
		HideSolutionNode = FALSE
	EndGlobalSection
	GlobalSection(ProjectConfigurationPlatforms) = postSolution
		{1B7FF744-ACB3-4794-A8CD-6DB44A22B041}.Debug|Any CPU.ActiveCfg = Debug|Any CPU
		{1B7FF744-ACB3-4794-A8CD-6DB44A22B041}.Debug|Any CPU.Build.0 = Debug|Any CPU
		{1B7FF744-ACB3-4794-A8CD-6DB44A22B041}.Release|Any CPU.ActiveCfg = Release|Any CPU
		{1B7FF744-ACB3-4794-A8CD-6DB44A22B041}.Release|Any CPU.Build.0 = Release|Any CPU
		{B866C147-27C3-497D-A2BC-22071B29AD2D}.Debug|Any CPU.ActiveCfg = Debug|Any CPU
		{B866C147-27C3-497D-A2BC-22071B29AD2D}.Debug|Any CPU.Build.0 = Debug|Any CPU
		{B866C147-27C3-497D-A2BC-22071B29AD2D}.Release|Any CPU.ActiveCfg = Release|Any CPU
		{B866C147-27C3-497D-A2BC-22071B29AD2D}.Release|Any CPU.Build.0 = Release|Any CPU
		{534BAA53-9B1F-4074-92F4-7C20B0F6FF1C}.Debug|Any CPU.ActiveCfg = Debug|Any CPU
		{534BAA53-9B1F-4074-92F4-7C20B0F6FF1C}.Debug|Any CPU.Build.0 = Debug|Any CPU
		{534BAA53-9B1F-4074-92F4-7C20B0F6FF1C}.Release|Any CPU.ActiveCfg = Release|Any CPU
		{534BAA53-9B1F-4074-92F4-7C20B0F6FF1C}.Release|Any CPU.Build.0 = Release|Any CPU
	EndGlobalSection
	GlobalSection(NestedProjects) = preSolution
		{06596F49-ED7C-4CAA-AC19-72D0358322ED} = {ADF8F7B1-73B2-4EB0-A666-F5E568F2F7CC}
		{534BAA53-9B1F-4074-92F4-7C20B0F6FF1C} = {06596F49-ED7C-4CAA-AC19-72D0358322ED}
	EndGlobalSection
EndGlobal
